
Microsoft Visual Studio Solution File, Format Version 12.00
# Visual Studio Version 17
VisualStudioVersion = 17.8.34227.203
MinimumVisualStudioVersion = 10.0.40219.1
Project("{9A19103F-16F7-4668-BE54-9A1E7A4F7556}") = "ElementaryElevatorControlSystem", "ElementaryElevatorControlSystem.csproj", "{747B611C-0D01-494B-B716-5D93AD052D61}"
EndProject
Project("{9A19103F-16F7-4668-BE54-9A1E7A4F7556}") = "ElementaryElevatorControlSystem.Tests", "..\ElementaryElevatorControlSystem.Tests\ElementaryElevatorControlSystem.Tests.csproj", "{21818DBA-D817-49D8-AB99-32542F5D9B6D}"
EndProject
Global
	GlobalSection(SolutionConfigurationPlatforms) = preSolution
		Debug|Any CPU = Debug|Any CPU
		Release|Any CPU = Release|Any CPU
	EndGlobalSection
	GlobalSection(ProjectConfigurationPlatforms) = postSolution
		{747B611C-0D01-494B-B716-5D93AD052D61}.Debug|Any CPU.ActiveCfg = Debug|Any CPU
		{747B611C-0D01-494B-B716-5D93AD052D61}.Debug|Any CPU.Build.0 = Debug|Any CPU
		{747B611C-0D01-494B-B716-5D93AD052D61}.Release|Any CPU.ActiveCfg = Release|Any CPU
		{747B611C-0D01-494B-B716-5D93AD052D61}.Release|Any CPU.Build.0 = Release|Any CPU
		{21818DBA-D817-49D8-AB99-32542F5D9B6D}.Debug|Any CPU.ActiveCfg = Debug|Any CPU
		{21818DBA-D817-49D8-AB99-32542F5D9B6D}.Debug|Any CPU.Build.0 = Debug|Any CPU
		{21818DBA-D817-49D8-AB99-32542F5D9B6D}.Release|Any CPU.ActiveCfg = Release|Any CPU
		{21818DBA-D817-49D8-AB99-32542F5D9B6D}.Release|Any CPU.Build.0 = Release|Any CPU
	EndGlobalSection
	GlobalSection(SolutionProperties) = preSolution
		HideSolutionNode = FALSE
	EndGlobalSection
	GlobalSection(ExtensibilityGlobals) = postSolution
		SolutionGuid = {32F93A5A-E9CA-4636-8E0F-D81411622301}
	EndGlobalSection
EndGlobal
